
Microsoft Visual Studio Solution File, Format Version 12.00
# Visual Studio Version 16
VisualStudioVersion = 16.0.28922.388
MinimumVisualStudioVersion = 10.0.40219.1
Project("{FAE04EC0-301F-11D3-BF4B-00C04F79EFBC}") = "ScsReader", "ScsReader\ScsReader.csproj", "{11E31E5A-6CA5-42A2-9D54-6A241D6A7E3F}"
EndProject
Project("{2150E333-8FDC-42A3-9474-1A3956D46DE8}") = "Solution Items", "Solution Items", "{AAD37CA5-BEE5-4403-A33E-F4E51BE55036}"
	ProjectSection(SolutionItems) = preProject
		README.md = README.md
	EndProjectSection
EndProject
Global
	GlobalSection(SolutionConfigurationPlatforms) = preSolution
		Debug|Any CPU = Debug|Any CPU
		Release|Any CPU = Release|Any CPU
	EndGlobalSection
	GlobalSection(ProjectConfigurationPlatforms) = postSolution
		{11E31E5A-6CA5-42A2-9D54-6A241D6A7E3F}.Debug|Any CPU.ActiveCfg = Debug|Any CPU
		{11E31E5A-6CA5-42A2-9D54-6A241D6A7E3F}.Debug|Any CPU.Build.0 = Debug|Any CPU
		{11E31E5A-6CA5-42A2-9D54-6A241D6A7E3F}.Release|Any CPU.ActiveCfg = Release|Any CPU
		{11E31E5A-6CA5-42A2-9D54-6A241D6A7E3F}.Release|Any CPU.Build.0 = Release|Any CPU
	EndGlobalSection
	GlobalSection(SolutionProperties) = preSolution
		HideSolutionNode = FALSE
	EndGlobalSection
	GlobalSection(ExtensibilityGlobals) = postSolution
		SolutionGuid = {D344736D-3D15-4C27-BC73-39923D2CD584}
	EndGlobalSection
EndGlobal
