
Microsoft Visual Studio Solution File, Format Version 12.00
# Visual Studio Version 17
VisualStudioVersion = 17.4.33213.308
MinimumVisualStudioVersion = 10.0.40219.1
Project("{2150E333-8FDC-42A3-9474-1A3956D46DE8}") = "Solution Items", "Solution Items", "{AAD37CA5-BEE5-4403-A33E-F4E51BE55036}"
	ProjectSection(SolutionItems) = preProject
		.editorconfig = .editorconfig
		README.md = README.md
	EndProjectSection
EndProject
Project("{9A19103F-16F7-4668-BE54-9A1E7A4F7556}") = "TruckLib", "TruckLib\TruckLib.csproj", "{D28F37E7-6A77-4925-B789-5F4B1AB363CD}"
EndProject
Project("{9A19103F-16F7-4668-BE54-9A1E7A4F7556}") = "01-SimpleExample", "Samples\01-SimpleExample\01-SimpleExample.csproj", "{488D9661-8899-4578-857D-2806B67F6E62}"
EndProject
Project("{9A19103F-16F7-4668-BE54-9A1E7A4F7556}") = "02-Prefabs", "Samples\02-Prefabs\02-Prefabs.csproj", "{FB172F99-9A3F-46F1-B45C-B9AAF8DB8F32}"
EndProject
Project("{2150E333-8FDC-42A3-9474-1A3956D46DE8}") = "Samples", "Samples", "{AC4C4972-7FD4-45EE-91EC-B6B3261687EB}"
EndProject
Project("{9A19103F-16F7-4668-BE54-9A1E7A4F7556}") = "TruckLibTests", "TruckLibTests\TruckLibTests.csproj", "{FFB08224-0624-4EFC-B8B8-0A816CAEA056}"
EndProject
Project("{9A19103F-16F7-4668-BE54-9A1E7A4F7556}") = "03-RealRoad", "Samples\03-RealRoad\03-RealRoad.csproj", "{BEA35216-1AEA-42A1-B5DE-A6B2F69D1C46}"
EndProject
Project("{9A19103F-16F7-4668-BE54-9A1E7A4F7556}") = "TruckLib.Sii", "TruckLib.Sii\TruckLib.Sii.csproj", "{778701B3-7AD1-41D3-B03F-847147200221}"
EndProject
Project("{9A19103F-16F7-4668-BE54-9A1E7A4F7556}") = "TruckLib.Core", "..\TruckLib.Core\TruckLib.Core\TruckLib.Core.csproj", "{184E3310-12BE-4AA5-BC87-BF291EE0C1E9}"
EndProject
Project("{9A19103F-16F7-4668-BE54-9A1E7A4F7556}") = "TruckLib.Models", "..\TruckLib.Models\TruckLib.Models\TruckLib.Models.csproj", "{1A5D561D-ADEE-48E7-B423-D55D2B3CFF9C}"
EndProject
Project("{9A19103F-16F7-4668-BE54-9A1E7A4F7556}") = "TruckLib.HashFs", "..\TruckLib.HashFs\TruckLib.HashFs\TruckLib.HashFs.csproj", "{0F30B190-D158-425F-9DD1-649876472D36}"
EndProject
Global
	GlobalSection(SolutionConfigurationPlatforms) = preSolution
		Debug|Any CPU = Debug|Any CPU
		Release|Any CPU = Release|Any CPU
	EndGlobalSection
	GlobalSection(ProjectConfigurationPlatforms) = postSolution
		{D28F37E7-6A77-4925-B789-5F4B1AB363CD}.Debug|Any CPU.ActiveCfg = Debug|Any CPU
		{D28F37E7-6A77-4925-B789-5F4B1AB363CD}.Debug|Any CPU.Build.0 = Debug|Any CPU
		{D28F37E7-6A77-4925-B789-5F4B1AB363CD}.Release|Any CPU.ActiveCfg = Release|Any CPU
		{D28F37E7-6A77-4925-B789-5F4B1AB363CD}.Release|Any CPU.Build.0 = Release|Any CPU
		{488D9661-8899-4578-857D-2806B67F6E62}.Debug|Any CPU.ActiveCfg = Debug|Any CPU
		{488D9661-8899-4578-857D-2806B67F6E62}.Debug|Any CPU.Build.0 = Debug|Any CPU
		{488D9661-8899-4578-857D-2806B67F6E62}.Release|Any CPU.ActiveCfg = Release|Any CPU
		{488D9661-8899-4578-857D-2806B67F6E62}.Release|Any CPU.Build.0 = Release|Any CPU
		{FB172F99-9A3F-46F1-B45C-B9AAF8DB8F32}.Debug|Any CPU.ActiveCfg = Debug|Any CPU
		{FB172F99-9A3F-46F1-B45C-B9AAF8DB8F32}.Debug|Any CPU.Build.0 = Debug|Any CPU
		{FB172F99-9A3F-46F1-B45C-B9AAF8DB8F32}.Release|Any CPU.ActiveCfg = Release|Any CPU
		{FB172F99-9A3F-46F1-B45C-B9AAF8DB8F32}.Release|Any CPU.Build.0 = Release|Any CPU
		{FFB08224-0624-4EFC-B8B8-0A816CAEA056}.Debug|Any CPU.ActiveCfg = Debug|Any CPU
		{FFB08224-0624-4EFC-B8B8-0A816CAEA056}.Debug|Any CPU.Build.0 = Debug|Any CPU
		{FFB08224-0624-4EFC-B8B8-0A816CAEA056}.Release|Any CPU.ActiveCfg = Release|Any CPU
		{FFB08224-0624-4EFC-B8B8-0A816CAEA056}.Release|Any CPU.Build.0 = Release|Any CPU
		{BEA35216-1AEA-42A1-B5DE-A6B2F69D1C46}.Debug|Any CPU.ActiveCfg = Debug|Any CPU
		{BEA35216-1AEA-42A1-B5DE-A6B2F69D1C46}.Debug|Any CPU.Build.0 = Debug|Any CPU
		{BEA35216-1AEA-42A1-B5DE-A6B2F69D1C46}.Release|Any CPU.ActiveCfg = Release|Any CPU
		{BEA35216-1AEA-42A1-B5DE-A6B2F69D1C46}.Release|Any CPU.Build.0 = Release|Any CPU
		{778701B3-7AD1-41D3-B03F-847147200221}.Debug|Any CPU.ActiveCfg = Debug|Any CPU
		{778701B3-7AD1-41D3-B03F-847147200221}.Debug|Any CPU.Build.0 = Debug|Any CPU
		{778701B3-7AD1-41D3-B03F-847147200221}.Release|Any CPU.ActiveCfg = Release|Any CPU
		{778701B3-7AD1-41D3-B03F-847147200221}.Release|Any CPU.Build.0 = Release|Any CPU
		{184E3310-12BE-4AA5-BC87-BF291EE0C1E9}.Debug|Any CPU.ActiveCfg = Debug|Any CPU
		{184E3310-12BE-4AA5-BC87-BF291EE0C1E9}.Debug|Any CPU.Build.0 = Debug|Any CPU
		{184E3310-12BE-4AA5-BC87-BF291EE0C1E9}.Release|Any CPU.ActiveCfg = Release|Any CPU
		{184E3310-12BE-4AA5-BC87-BF291EE0C1E9}.Release|Any CPU.Build.0 = Release|Any CPU
		{1A5D561D-ADEE-48E7-B423-D55D2B3CFF9C}.Debug|Any CPU.ActiveCfg = Debug|Any CPU
		{1A5D561D-ADEE-48E7-B423-D55D2B3CFF9C}.Debug|Any CPU.Build.0 = Debug|Any CPU
		{1A5D561D-ADEE-48E7-B423-D55D2B3CFF9C}.Release|Any CPU.ActiveCfg = Release|Any CPU
		{1A5D561D-ADEE-48E7-B423-D55D2B3CFF9C}.Release|Any CPU.Build.0 = Release|Any CPU
		{0F30B190-D158-425F-9DD1-649876472D36}.Debug|Any CPU.ActiveCfg = Debug|Any CPU
		{0F30B190-D158-425F-9DD1-649876472D36}.Debug|Any CPU.Build.0 = Debug|Any CPU
		{0F30B190-D158-425F-9DD1-649876472D36}.Release|Any CPU.ActiveCfg = Release|Any CPU
		{0F30B190-D158-425F-9DD1-649876472D36}.Release|Any CPU.Build.0 = Release|Any CPU
	EndGlobalSection
	GlobalSection(SolutionProperties) = preSolution
		HideSolutionNode = FALSE
	EndGlobalSection
	GlobalSection(NestedProjects) = preSolution
		{488D9661-8899-4578-857D-2806B67F6E62} = {AC4C4972-7FD4-45EE-91EC-B6B3261687EB}
		{FB172F99-9A3F-46F1-B45C-B9AAF8DB8F32} = {AC4C4972-7FD4-45EE-91EC-B6B3261687EB}
		{BEA35216-1AEA-42A1-B5DE-A6B2F69D1C46} = {AC4C4972-7FD4-45EE-91EC-B6B3261687EB}
	EndGlobalSection
	GlobalSection(ExtensibilityGlobals) = postSolution
		SolutionGuid = {D344736D-3D15-4C27-BC73-39923D2CD584}
	EndGlobalSection
EndGlobal
